{
  "version": 4,
  "terraform_version": "1.10.3",
  "serial": 4,
  "lineage": "2106be88-d083-9f11-cb5d-9b753cda7b81",
  "outputs": {
    "repository_prefix": {
      "value": "echo",
      "type": "string"
    },
    "usage_instructions": {
      "value": "To pull images through this cache, use:\ndocker pull 685873929148.dkr.ecr.us-east-1.amazonaws.com/echo/[REPOSITORY_NAME]:[TAG]\n    \nExample:\ndocker pull 685873929148.dkr.ecr.us-east-1.amazonaws.com/echo/my-app:latest\n    \nNote: For cross-account access, ensure the upstream registry has the appropriate registry permissions policy.\n",
      "type": "string"
    }
  },
  "resources": [
    {
      "module": "module.ecr_pullthrough_cache",
      "mode": "data",
      "type": "aws_caller_identity",
      "name": "current",
      "provider": "provider[\"registry.terraform.io/hashicorp/aws\"]",
      "instances": [
        {
          "schema_version": 0,
          "attributes": {
            "account_id": "685873929148",
            "arn": "arn:aws:sts::685873929148:assumed-role/AssumedOnlyAdministrator/cli-session",
            "id": "685873929148",
            "user_id": "AROAZ7MKFTO6MEKDPFF3R:cli-session"
          },
          "sensitive_attributes": []
        }
      ]
    },
    {
      "module": "module.ecr_pullthrough_cache",
      "mode": "data",
      "type": "aws_region",
      "name": "current",
      "provider": "provider[\"registry.terraform.io/hashicorp/aws\"]",
      "instances": [
        {
          "schema_version": 0,
          "attributes": {
            "description": "US East (N. Virginia)",
            "endpoint": "ec2.us-east-1.amazonaws.com",
            "id": "us-east-1",
            "name": "us-east-1",
            "region": "us-east-1"
          },
          "sensitive_attributes": []
        }
      ]
    },
    {
      "module": "module.ecr_pullthrough_cache",
      "mode": "managed",
      "type": "aws_ecr_pull_through_cache_rule",
      "name": "this",
      "provider": "provider[\"registry.terraform.io/hashicorp/aws\"]",
      "instances": [
        {
          "schema_version": 0,
          "attributes": {
            "credential_arn": "",
            "custom_role_arn": "arn:aws:iam::685873929148:role/echo-registry-cache-ecr-access-role",
            "ecr_repository_prefix": "echo",
            "id": "echo",
            "region": "us-east-1",
            "registry_id": "685873929148",
            "upstream_registry_url": "820718291452.dkr.ecr.us-east-1.amazonaws.com",
            "upstream_repository_prefix": ""
          },
          "sensitive_attributes": [],
          "private": "bnVsbA==",
          "dependencies": [
            "module.ecr_pullthrough_cache.aws_iam_role.ecr_access"
          ]
        }
      ]
    },
    {
      "module": "module.ecr_pullthrough_cache",
      "mode": "managed",
      "type": "aws_iam_role",
      "name": "ecr_access",
      "provider": "provider[\"registry.terraform.io/hashicorp/aws\"]",
      "instances": [
        {
          "schema_version": 0,
          "attributes": {
            "arn": "arn:aws:iam::685873929148:role/echo-registry-cache-ecr-access-role",
            "assume_role_policy": "{\"Statement\":[{\"Action\":\"sts:AssumeRole\",\"Effect\":\"Allow\",\"Principal\":{\"Service\":\"pullthroughcache.ecr.amazonaws.com\"}}],\"Version\":\"2012-10-17\"}",
            "create_date": "2025-07-21T17:37:08Z",
            "description": "",
            "force_detach_policies": false,
            "id": "echo-registry-cache-ecr-access-role",
            "inline_policy": [],
            "managed_policy_arns": [],
            "max_session_duration": 3600,
            "name": "echo-registry-cache-ecr-access-role",
            "name_prefix": "",
            "path": "/",
            "permissions_boundary": "",
            "tags": {
              "Environment": "development",
              "ManagedBy": "terraform",
              "Purpose": "container-registry-integration"
            },
            "tags_all": {
              "Environment": "development",
              "ManagedBy": "terraform",
              "Purpose": "container-registry-integration"
            },
            "unique_id": "AROAZ7MKFTO6PJMZMZPRC"
          },
          "sensitive_attributes": [],
          "private": "bnVsbA=="
        }
      ]
    },
    {
      "module": "module.ecr_pullthrough_cache",
      "mode": "managed",
      "type": "aws_iam_role_policy",
      "name": "ecr_pullthrough_cache",
      "provider": "provider[\"registry.terraform.io/hashicorp/aws\"]",
      "instances": [
        {
          "schema_version": 0,
          "attributes": {
            "id": "echo-registry-cache-ecr-access-role:ECRPullthroughCachePolicy",
            "name": "ECRPullthroughCachePolicy",
            "name_prefix": "",
            "policy": "{\"Version\":\"2012-10-17\",\"Statement\":[{\"Action\":[\"ecr:GetAuthorizationToken\",\"ecr:BatchCheckLayerAvailability\",\"ecr:GetDownloadUrlForLayer\",\"ecr:BatchGetImage\",\"ecr:BatchImportUpstreamImage\",\"ecr:GetImageCopyStatus\",\"ecr:InitiateLayerUpload\",\"ecr:UploadLayerPart\",\"ecr:CompleteLayerUpload\",\"ecr:PutImage\"],\"Effect\":\"Allow\",\"Resource\":\"*\"}]}",
            "role": "echo-registry-cache-ecr-access-role"
          },
          "sensitive_attributes": [],
          "private": "bnVsbA==",
          "dependencies": [
            "module.ecr_pullthrough_cache.aws_iam_role.ecr_access"
          ]
        }
      ]
    }
  ],
  "check_results": [
    {
      "object_kind": "var",
      "config_addr": "module.ecr_pullthrough_cache.var.source_registry_region",
      "status": "pass",
      "objects": [
        {
          "object_addr": "module.ecr_pullthrough_cache.var.source_registry_region",
          "status": "pass"
        }
      ]
    },
    {
      "object_kind": "var",
      "config_addr": "module.ecr_pullthrough_cache.var.repository_prefix",
      "status": "pass",
      "objects": [
        {
          "object_addr": "module.ecr_pullthrough_cache.var.repository_prefix",
          "status": "pass"
        }
      ]
    },
    {
      "object_kind": "var",
      "config_addr": "module.ecr_pullthrough_cache.var.cache_rule_name",
      "status": "pass",
      "objects": [
        {
          "object_addr": "module.ecr_pullthrough_cache.var.cache_rule_name",
          "status": "pass"
        }
      ]
    },
    {
      "object_kind": "var",
      "config_addr": "module.ecr_pullthrough_cache.var.source_registry_account_id",
      "status": "pass",
      "objects": [
        {
          "object_addr": "module.ecr_pullthrough_cache.var.source_registry_account_id",
          "status": "pass"
        }
      ]
    }
  ]
}
